// !$*UTF8*$!
{
	archiveVersion = 1;
	classes = {
	};
	objectVersion = 50;
	objects = {

/* Begin PBXBuildFile section */
		AF60532E252B007A00AD6A5D /* AppDelegate.swift in Sources */ = {isa = PBXBuildFile; fileRef = AF60532D252B007A00AD6A5D /* AppDelegate.swift */; };
		AF605332252B007A00AD6A5D /* ViewController.swift in Sources */ = {isa = PBXBuildFile; fileRef = AF605331252B007A00AD6A5D /* ViewController.swift */; };
		AF605335252B007A00AD6A5D /* Main.storyboard in Resources */ = {isa = PBXBuildFile; fileRef = AF605333252B007A00AD6A5D /* Main.storyboard */; };
		AF605337252B007F00AD6A5D /* Assets.xcassets in Resources */ = {isa = PBXBuildFile; fileRef = AF605336252B007F00AD6A5D /* Assets.xcassets */; };
		AF60533A252B007F00AD6A5D /* LaunchScreen.storyboard in Resources */ = {isa = PBXBuildFile; fileRef = AF605338252B007F00AD6A5D /* LaunchScreen.storyboard */; };
		AF605342252B220400AD6A5D /* CardViewController.swift in Sources */ = {isa = PBXBuildFile; fileRef = AF605341252B220400AD6A5D /* CardViewController.swift */; };
		AF605344252B220F00AD6A5D /* CardViewController.xib in Resources */ = {isa = PBXBuildFile; fileRef = AF605343252B220F00AD6A5D /* CardViewController.xib */; };
/* End PBXBuildFile section */

/* Begin PBXFileReference section */
		AF60532A252B007A00AD6A5D /* SACropCamView.app */ = {isa = PBXFileReference; explicitFileType = wrapper.application; includeInIndex = 0; path = SACropCamView.app; sourceTree = BUILT_PRODUCTS_DIR; };
		AF60532D252B007A00AD6A5D /* AppDelegate.swift */ = {isa = PBXFileReference; lastKnownFileType = sourcecode.swift; path = AppDelegate.swift; sourceTree = "<group>"; };
		AF605331252B007A00AD6A5D /* ViewController.swift */ = {isa = PBXFileReference; lastKnownFileType = sourcecode.swift; path = ViewController.swift; sourceTree = "<group>"; };
		AF605334252B007A00AD6A5D /* Base */ = {isa = PBXFileReference; lastKnownFileType = file.storyboard; name = Base; path = Base.lproj/Main.storyboard; sourceTree = "<group>"; };
		AF605336252B007F00AD6A5D /* Assets.xcassets */ = {isa = PBXFileReference; lastKnownFileType = folder.assetcatalog; path = Assets.xcassets; sourceTree = "<group>"; };
		AF605339252B007F00AD6A5D /* Base */ = {isa = PBXFileReference; lastKnownFileType = file.storyboard; name = Base; path = Base.lproj/LaunchScreen.storyboard; sourceTree = "<group>"; };
		AF60533B252B007F00AD6A5D /* Info.plist */ = {isa = PBXFileReference; lastKnownFileType = text.plist.xml; path = Info.plist; sourceTree = "<group>"; };
		AF605341252B220400AD6A5D /* CardViewController.swift */ = {isa = PBXFileReference; lastKnownFileType = sourcecode.swift; path = CardViewController.swift; sourceTree = "<group>"; };
		AF605343252B220F00AD6A5D /* CardViewController.xib */ = {isa = PBXFileReference; lastKnownFileType = file.xib; path = CardViewController.xib; sourceTree = "<group>"; };
/* End PBXFileReference section */

/* Begin PBXFrameworksBuildPhase section */
		AF605327252B007A00AD6A5D /* Frameworks */ = {
			isa = PBXFrameworksBuildPhase;
			buildActionMask = 2147483647;
			files = (
			);
			runOnlyForDeploymentPostprocessing = 0;
		};
/* End PBXFrameworksBuildPhase section */

/* Begin PBXGroup section */
		AF605321252B007A00AD6A5D = {
			isa = PBXGroup;
			children = (
				AF60532C252B007A00AD6A5D /* SACropCamView */,
				AF60532B252B007A00AD6A5D /* Products */,
			);
			sourceTree = "<group>";
		};
		AF60532B252B007A00AD6A5D /* Products */ = {
			isa = PBXGroup;
			children = (
				AF60532A252B007A00AD6A5D /* SACropCamView.app */,
			);
			name = Products;
			sourceTree = "<group>";
		};
		AF60532C252B007A00AD6A5D /* SACropCamView */ = {
			isa = PBXGroup;
			children = (
				AF60532D252B007A00AD6A5D /* AppDelegate.swift */,
				AF605331252B007A00AD6A5D /* ViewController.swift */,
				AF605333252B007A00AD6A5D /* Main.storyboard */,
				AF605336252B007F00AD6A5D /* Assets.xcassets */,
				AF605338252B007F00AD6A5D /* LaunchScreen.storyboard */,
				AF60533B252B007F00AD6A5D /* Info.plist */,
				AF605341252B220400AD6A5D /* CardViewController.swift */,
				AF605343252B220F00AD6A5D /* CardViewController.xib */,
			);
			path = SACropCamView;
			sourceTree = "<group>";
		};
/* End PBXGroup section */

/* Begin PBXNativeTarget section */
		AF605329252B007A00AD6A5D /* SACropCamView */ = {
			isa = PBXNativeTarget;
			buildConfigurationList = AF60533E252B007F00AD6A5D /* Build configuration list for PBXNativeTarget "SACropCamView" */;
			buildPhases = (
				AF605326252B007A00AD6A5D /* Sources */,
				AF605327252B007A00AD6A5D /* Frameworks */,
				AF605328252B007A00AD6A5D /* Resources */,
			);
			buildRules = (
			);
			dependencies = (
			);
			name = SACropCamView;
			productName = SACropCamView;
			productReference = AF60532A252B007A00AD6A5D /* SACropCamView.app */;
			productType = "com.apple.product-type.application";
		};
/* End PBXNativeTarget section */

/* Begin PBXProject section */
		AF605322252B007A00AD6A5D /* Project object */ = {
			isa = PBXProject;
			attributes = {
				LastSwiftUpdateCheck = 1160;
				LastUpgradeCheck = 1160;
				ORGANIZATIONNAME = SolutionAnalysts;
				TargetAttributes = {
					AF605329252B007A00AD6A5D = {
						CreatedOnToolsVersion = 11.6;
					};
				};
			};
			buildConfigurationList = AF605325252B007A00AD6A5D /* Build configuration list for PBXProject "SACropCamView" */;
			compatibilityVersion = "Xcode 9.3";
			developmentRegion = en;
			hasScannedForEncodings = 0;
			knownRegions = (
				en,
				Base,
			);
			mainGroup = AF605321252B007A00AD6A5D;
			productRefGroup = AF60532B252B007A00AD6A5D /* Products */;
			projectDirPath = "";
			projectRoot = "";
			targets = (
				AF605329252B007A00AD6A5D /* SACropCamView */,
			);
		};
/* End PBXProject section */

/* Begin PBXResourcesBuildPhase section */
		AF605328252B007A00AD6A5D /* Resources */ = {
			isa = PBXResourcesBuildPhase;
			buildActionMask = 2147483647;
			files = (
				AF605344252B220F00AD6A5D /* CardViewController.xib in Resources */,
				AF60533A252B007F00AD6A5D /* LaunchScreen.storyboard in Resources */,
				AF605337252B007F00AD6A5D /* Assets.xcassets in Resources */,
				AF605335252B007A00AD6A5D /* Main.storyboard in Resources */,
			);
			runOnlyForDeploymentPostprocessing = 0;
		};
/* End PBXResourcesBuildPhase section */

/* Begin PBXSourcesBuildPhase section */
		AF605326252B007A00AD6A5D /* Sources */ = {
			isa = PBXSourcesBuildPhase;
			buildActionMask = 2147483647;
			files = (
				AF605332252B007A00AD6A5D /* ViewController.swift in Sources */,
				AF60532E252B007A00AD6A5D /* AppDelegate.swift in Sources */,
				AF605342252B220400AD6A5D /* CardViewController.swift in Sources */,
			);
			runOnlyForDeploymentPostprocessing = 0;
		};
/* End PBXSourcesBuildPhase section */

/* Begin PBXVariantGroup section */
		AF605333252B007A00AD6A5D /* Main.storyboard */ = {
			isa = PBXVariantGroup;
			children = (
				AF605334252B007A00AD6A5D /* Base */,
			);
			name = Main.storyboard;
			sourceTree = "<group>";
		};
		AF605338252B007F00AD6A5D /* LaunchScreen.storyboard */ = {
			isa = PBXVariantGroup;
			children = (
				AF605339252B007F00AD6A5D /* Base */,
			);
			name = LaunchScreen.storyboard;
			sourceTree = "<group>";
		};
/* End PBXVariantGroup section */

/* Begin XCBuildConfiguration section */
		AF60533C252B007F00AD6A5D /* Debug */ = {
			isa = XCBuildConfiguration;
			buildSettings = {
				ALWAYS_SEARCH_USER_PATHS = NO;
				CLANG_ANALYZER_NONNULL = YES;
				CLANG_ANALYZER_NUMBER_OBJECT_CONVERSION = YES_AGGRESSIVE;
				CLANG_CXX_LANGUAGE_STANDARD = "gnu++14";
				CLANG_CXX_LIBRARY = "libc++";
				CLANG_ENABLE_MODULES = YES;
				CLANG_ENABLE_OBJC_ARC = YES;
				CLANG_ENABLE_OBJC_WEAK = YES;
				CLANG_WARN_BLOCK_CAPTURE_AUTORELEASING = YES;
				CLANG_WARN_BOOL_CONVERSION = YES;
				CLANG_WARN_COMMA = YES;
				CLANG_WARN_CONSTANT_CONVERSION = YES;
				CLANG_WARN_DEPRECATED_OBJC_IMPLEMENTATIONS = YES;
				CLANG_WARN_DIRECT_OBJC_ISA_USAGE = YES_ERROR;
				CLANG_WARN_DOCUMENTATION_COMMENTS = YES;
				CLANG_WARN_EMPTY_BODY = YES;
				CLANG_WARN_ENUM_CONVERSION = YES;
				CLANG_WARN_INFINITE_RECURSION = YES;
				CLANG_WARN_INT_CONVERSION = YES;
				CLANG_WARN_NON_LITERAL_NULL_CONVERSION = YES;
				CLANG_WARN_OBJC_IMPLICIT_RETAIN_SELF = YES;
				CLANG_WARN_OBJC_LITERAL_CONVERSION = YES;
				CLANG_WARN_OBJC_ROOT_CLASS = YES_ERROR;
				CLANG_WARN_RANGE_LOOP_ANALYSIS = YES;
				CLANG_WARN_STRICT_PROTOTYPES = YES;
				CLANG_WARN_SUSPICIOUS_MOVE = YES;
				CLANG_WARN_UNGUARDED_AVAILABILITY = YES_AGGRESSIVE;
				CLANG_WARN_UNREACHABLE_CODE = YES;
				CLANG_WARN__DUPLICATE_METHOD_MATCH = YES;
				COPY_PHASE_STRIP = NO;
				DEBUG_INFORMATION_FORMAT = dwarf;
				ENABLE_STRICT_OBJC_MSGSEND = YES;
				ENABLE_TESTABILITY = YES;
				GCC_C_LANGUAGE_STANDARD = gnu11;
				GCC_DYNAMIC_NO_PIC = NO;
				GCC_NO_COMMON_BLOCKS = YES;
				GCC_OPTIMIZATION_LEVEL = 0;
				GCC_PREPROCESSOR_DEFINITIONS = (
					"DEBUG=1",
					"$(inherited)",
				);
				GCC_WARN_64_TO_32_BIT_CONVERSION = YES;
				GCC_WARN_ABOUT_RETURN_TYPE = YES_ERROR;
				GCC_WARN_UNDECLARED_SELECTOR = YES;
				GCC_WARN_UNINITIALIZED_AUTOS = YES_AGGRESSIVE;
				GCC_WARN_UNUSED_FUNCTION = YES;
				GCC_WARN_UNUSED_VARIABLE = YES;
				IPHONEOS_DEPLOYMENT_TARGET = 13.6;
				MTL_ENABLE_DEBUG_INFO = INCLUDE_SOURCE;
				MTL_FAST_MATH = YES;
				ONLY_ACTIVE_ARCH = YES;
				SDKROOT = iphoneos;
				SWIFT_ACTIVE_COMPILATION_CONDITIONS = DEBUG;
				SWIFT_OPTIMIZATION_LEVEL = "-Onone";
			};
			name = Debug;
		};
		AF60533D252B007F00AD6A5D /* Release */ = {
			isa = XCBuildConfiguration;
			buildSettings = {
				ALWAYS_SEARCH_USER_PATHS = NO;
				CLANG_ANALYZER_NONNULL = YES;
				CLANG_ANALYZER_NUMBER_OBJECT_CONVERSION = YES_AGGRESSIVE;
				CLANG_CXX_LANGUAGE_STANDARD = "gnu++14";
				CLANG_CXX_LIBRARY = "libc++";
				CLANG_ENABLE_MODULES = YES;
				CLANG_ENABLE_OBJC_ARC = YES;
				CLANG_ENABLE_OBJC_WEAK = YES;
				CLANG_WARN_BLOCK_CAPTURE_AUTORELEASING = YES;
				CLANG_WARN_BOOL_CONVERSION = YES;
				CLANG_WARN_COMMA = YES;
				CLANG_WARN_CONSTANT_CONVERSION = YES;
				CLANG_WARN_DEPRECATED_OBJC_IMPLEMENTATIONS = YES;
				CLANG_WARN_DIRECT_OBJC_ISA_USAGE = YES_ERROR;
				CLANG_WARN_DOCUMENTATION_COMMENTS = YES;
				CLANG_WARN_EMPTY_BODY = YES;
				CLANG_WARN_ENUM_CONVERSION = YES;
				CLANG_WARN_INFINITE_RECURSION = YES;
				CLANG_WARN_INT_CONVERSION = YES;
				CLANG_WARN_NON_LITERAL_NULL_CONVERSION = YES;
				CLANG_WARN_OBJC_IMPLICIT_RETAIN_SELF = YES;
				CLANG_WARN_OBJC_LITERAL_CONVERSION = YES;
				CLANG_WARN_OBJC_ROOT_CLASS = YES_ERROR;
				CLANG_WARN_RANGE_LOOP_ANALYSIS = YES;
				CLANG_WARN_STRICT_PROTOTYPES = YES;
				CLANG_WARN_SUSPICIOUS_MOVE = YES;
				CLANG_WARN_UNGUARDED_AVAILABILITY = YES_AGGRESSIVE;
				CLANG_WARN_UNREACHABLE_CODE = YES;
				CLANG_WARN__DUPLICATE_METHOD_MATCH = YES;
				COPY_PHASE_STRIP = NO;
				DEBUG_INFORMATION_FORMAT = "dwarf-with-dsym";
				ENABLE_NS_ASSERTIONS = NO;
				ENABLE_STRICT_OBJC_MSGSEND = YES;
				GCC_C_LANGUAGE_STANDARD = gnu11;
				GCC_NO_COMMON_BLOCKS = YES;
				GCC_WARN_64_TO_32_BIT_CONVERSION = YES;
				GCC_WARN_ABOUT_RETURN_TYPE = YES_ERROR;
				GCC_WARN_UNDECLARED_SELECTOR = YES;
				GCC_WARN_UNINITIALIZED_AUTOS = YES_AGGRESSIVE;
				GCC_WARN_UNUSED_FUNCTION = YES;
				GCC_WARN_UNUSED_VARIABLE = YES;
				IPHONEOS_DEPLOYMENT_TARGET = 13.6;
				MTL_ENABLE_DEBUG_INFO = NO;
				MTL_FAST_MATH = YES;
				SDKROOT = iphoneos;
				SWIFT_COMPILATION_MODE = wholemodule;
				SWIFT_OPTIMIZATION_LEVEL = "-O";
				VALIDATE_PRODUCT = YES;
			};
			name = Release;
		};
		AF60533F252B007F00AD6A5D /* Debug */ = {
			isa = XCBuildConfiguration;
			buildSettings = {
				ASSETCATALOG_COMPILER_APPICON_NAME = AppIcon;
				CODE_SIGN_STYLE = Automatic;
				DEVELOPMENT_TEAM = G34KQT9TPD;
				INFOPLIST_FILE = SACropCamView/Info.plist;
				IPHONEOS_DEPLOYMENT_TARGET = 12.0;
				LD_RUNPATH_SEARCH_PATHS = (
					"$(inherited)",
					"@executable_path/Frameworks",
				);
				PRODUCT_BUNDLE_IDENTIFIER = com.solutionanalysts.SACropCamView;
				PRODUCT_NAME = "$(TARGET_NAME)";
				SWIFT_VERSION = 5.0;
				TARGETED_DEVICE_FAMILY = "1,2";
			};
			name = Debug;
		};
		AF605340252B007F00AD6A5D /* Release */ = {
			isa = XCBuildConfiguration;
			buildSettings = {
				ASSETCATALOG_COMPILER_APPICON_NAME = AppIcon;
				CODE_SIGN_STYLE = Automatic;
				DEVELOPMENT_TEAM = G34KQT9TPD;
				INFOPLIST_FILE = SACropCamView/Info.plist;
				IPHONEOS_DEPLOYMENT_TARGET = 12.0;
				LD_RUNPATH_SEARCH_PATHS = (
					"$(inherited)",
					"@executable_path/Frameworks",
				);
				PRODUCT_BUNDLE_IDENTIFIER = com.solutionanalysts.SACropCamView;
				PRODUCT_NAME = "$(TARGET_NAME)";
				SWIFT_VERSION = 5.0;
				TARGETED_DEVICE_FAMILY = "1,2";
			};
			name = Release;
		};
/* End XCBuildConfiguration section */

/* Begin XCConfigurationList section */
		AF605325252B007A00AD6A5D /* Build configuration list for PBXProject "SACropCamView" */ = {
			isa = XCConfigurationList;
			buildConfigurations = (
				AF60533C252B007F00AD6A5D /* Debug */,
				AF60533D252B007F00AD6A5D /* Release */,
			);
			defaultConfigurationIsVisible = 0;
			defaultConfigurationName = Release;
		};
		AF60533E252B007F00AD6A5D /* Build configuration list for PBXNativeTarget "SACropCamView" */ = {
			isa = XCConfigurationList;
			buildConfigurations = (
				AF60533F252B007F00AD6A5D /* Debug */,
				AF605340252B007F00AD6A5D /* Release */,
			);
			defaultConfigurationIsVisible = 0;
			defaultConfigurationName = Release;
		};
/* End XCConfigurationList section */
	};
	rootObject = AF605322252B007A00AD6A5D /* Project object */;
}
